
Microsoft Visual Studio Solution File, Format Version 12.00
# Visual Studio Version 17
VisualStudioVersion = 17.9.34701.34
MinimumVisualStudioVersion = 10.0.40219.1
Project("{FAE04EC0-301F-11D3-BF4B-00C04F79EFBC}") = "WebAPI_In_DotNet_Core", "WebAPI_In_DotNet_Core\WebAPI_In_DotNet_Core.csproj", "{B295A515-81A1-4883-BC99-69CB4FE5FCFD}"
EndProject
Global
	GlobalSection(SolutionConfigurationPlatforms) = preSolution
		Debug|Any CPU = Debug|Any CPU
		Release|Any CPU = Release|Any CPU
	EndGlobalSection
	GlobalSection(ProjectConfigurationPlatforms) = postSolution
		{B295A515-81A1-4883-BC99-69CB4FE5FCFD}.Debug|Any CPU.ActiveCfg = Debug|Any CPU
		{B295A515-81A1-4883-BC99-69CB4FE5FCFD}.Debug|Any CPU.Build.0 = Debug|Any CPU
		{B295A515-81A1-4883-BC99-69CB4FE5FCFD}.Release|Any CPU.ActiveCfg = Release|Any CPU
		{B295A515-81A1-4883-BC99-69CB4FE5FCFD}.Release|Any CPU.Build.0 = Release|Any CPU
	EndGlobalSection
	GlobalSection(SolutionProperties) = preSolution
		HideSolutionNode = FALSE
	EndGlobalSection
	GlobalSection(ExtensibilityGlobals) = postSolution
		SolutionGuid = {7DF3FB11-A5DF-4281-AEA2-43205E945406}
	EndGlobalSection
EndGlobal
